PODS:
  - AFNetworking (3.1.0):
    - AFNetworking/NSURLSession (= 3.1.0)
    - AFNetworking/Reachability (= 3.1.0)
    - AFNetworking/Security (= 3.1.0)
    - AFNetworking/Serialization (= 3.1.0)
    - AFNetworking/UIKit (= 3.1.0)
  - AFNetworking/NSURLSession (3.1.0):
    - AFNetworking/Reachability
    - AFNetworking/Security
    - AFNetworking/Serialization
  - AFNetworking/Reachability (3.1.0)
  - AFNetworking/Security (3.1.0)
  - AFNetworking/Serialization (3.1.0)
  - AFNetworking/UIKit (3.1.0):
    - AFNetworking/NSURLSession
  - CocoaSecurity (1.2.4)
  - MJExtension (3.0.13)
  - Realm (3.5.0):
    - Realm/Headers (= 3.5.0)
  - Realm/Headers (3.5.0)
  - RKServerApiKit (3.2.15):
    - AFNetworking (~> 3.1.0)
    - CocoaSecurity
    - MJExtension
    - Realm

DEPENDENCIES:
  - RKServerApiKit (from `../`)

EXTERNAL SOURCES:
  RKServerApiKit:
    :path: ../

SPEC CHECKSUMS:
  AFNetworking: 5e0e199f73d8626b11e79750991f5d173d1f8b67
  CocoaSecurity: d288a6f87e0f363823d2cb83e753814a6944f71a
  MJExtension: 5932755f451458eefa24239358817f8d291240c7
  Realm: 0378021c424e4e2bd6a0e63b27881e929d9b9ad1
  RKServerApiKit: 177e619a3fa3460e7e3e1d90d4d68b7538135ab4

PODFILE CHECKSUM: 8f6f5bdf202838ed6366166d3260820216feb7bf

COCOAPODS: 1.4.0
